
Microsoft Visual Studio Solution File, Format Version 12.00
# Visual Studio Version 17
VisualStudioVersion = 17.14.36414.22 d17.14
MinimumVisualStudioVersion = 10.0.40219.1
Project("{FAE04EC0-301F-11D3-BF4B-00C04F79EFBC}") = "EmployeeProjectManagement_EF9_Agwa", "EmployeeProjectManagement_EF9_Agwa.csproj", "{DD2535CD-5360-4283-A8A2-4E32CDA60F5A}"
EndProject
Global
	GlobalSection(SolutionConfigurationPlatforms) = preSolution
		Debug|Any CPU = Debug|Any CPU
		Release|Any CPU = Release|Any CPU
	EndGlobalSection
	GlobalSection(ProjectConfigurationPlatforms) = postSolution
		{DD2535CD-5360-4283-A8A2-4E32CDA60F5A}.Debug|Any CPU.ActiveCfg = Debug|Any CPU
		{DD2535CD-5360-4283-A8A2-4E32CDA60F5A}.Debug|Any CPU.Build.0 = Debug|Any CPU
		{DD2535CD-5360-4283-A8A2-4E32CDA60F5A}.Release|Any CPU.ActiveCfg = Release|Any CPU
		{DD2535CD-5360-4283-A8A2-4E32CDA60F5A}.Release|Any CPU.Build.0 = Release|Any CPU
	EndGlobalSection
	GlobalSection(SolutionProperties) = preSolution
		HideSolutionNode = FALSE
	EndGlobalSection
	GlobalSection(ExtensibilityGlobals) = postSolution
		SolutionGuid = {973DD3C7-2621-445D-BE44-49883CD2BEBF}
	EndGlobalSection
EndGlobal
